// !$*UTF8*$!
{
	archiveVersion = 1;
	classes = {
	};
	objectVersion = 46;
	objects = {

/* Begin PBXBuildFile section */
		7FD16253AB4C6D35872C2C6A /* Pods_YesAndUITests.framework in Frameworks */ = {isa = PBXBuildFile; fileRef = 7E0A5790CDBA53074D8F5B40 /* Pods_YesAndUITests.framework */; };
		8549D91E1D43DE1700525360 /* AppDelegate.swift in Sources */ = {isa = PBXBuildFile; fileRef = 8549D91D1D43DE1700525360 /* AppDelegate.swift */; };
		8549D9201D43DE1700525360 /* ViewController.swift in Sources */ = {isa = PBXBuildFile; fileRef = 8549D91F1D43DE1700525360 /* ViewController.swift */; };
		8549D9231D43DE1700525360 /* Main.storyboard in Resources */ = {isa = PBXBuildFile; fileRef = 8549D9211D43DE1700525360 /* Main.storyboard */; };
		8549D9251D43DE1700525360 /* Assets.xcassets in Resources */ = {isa = PBXBuildFile; fileRef = 8549D9241D43DE1700525360 /* Assets.xcassets */; };
		8549D9281D43DE1700525360 /* LaunchScreen.storyboard in Resources */ = {isa = PBXBuildFile; fileRef = 8549D9261D43DE1700525360 /* LaunchScreen.storyboard */; };
		8549D9331D43DE1700525360 /* YesAndTests.swift in Sources */ = {isa = PBXBuildFile; fileRef = 8549D9321D43DE1700525360 /* YesAndTests.swift */; };
		8549D93E1D43DE1700525360 /* YesAndUITests.swift in Sources */ = {isa = PBXBuildFile; fileRef = 8549D93D1D43DE1700525360 /* YesAndUITests.swift */; };
		8549D94C1D43E1B200525360 /* GameCenterUtility.swift in Sources */ = {isa = PBXBuildFile; fileRef = 8549D94B1D43E1B200525360 /* GameCenterUtility.swift */; };
		8549D94E1D43EC0500525360 /* GameKit.framework in Frameworks */ = {isa = PBXBuildFile; fileRef = 8549D94D1D43EC0500525360 /* GameKit.framework */; };
		B7C3AB0EBDFB948C43F4EAD4 /* Pods_YesAndTests.framework in Frameworks */ = {isa = PBXBuildFile; fileRef = 874A9FABCDDC24589EA0C917 /* Pods_YesAndTests.framework */; };
		BF629224A97D61C947318E5A /* Pods_YesAnd.framework in Frameworks */ = {isa = PBXBuildFile; fileRef = 6E3008FFBC8F2C9B34050842 /* Pods_YesAnd.framework */; };
		F9923A1E1D5EC16A009D64A5 /* GoogleService-Info.plist in Resources */ = {isa = PBXBuildFile; fileRef = F9923A1D1D5EC16A009D64A5 /* GoogleService-Info.plist */; };
		F9923A201D5EC675009D64A5 /* Shared.storyboard in Resources */ = {isa = PBXBuildFile; fileRef = F9923A1F1D5EC675009D64A5 /* Shared.storyboard */; };
		F9923A221D5EC760009D64A5 /* LoginViewController.swift in Sources */ = {isa = PBXBuildFile; fileRef = F9923A211D5EC760009D64A5 /* LoginViewController.swift */; };
		F9923A281D5ED1FB009D64A5 /* YesAnd-6368ae23de37.json in Resources */ = {isa = PBXBuildFile; fileRef = F9923A271D5ED1FB009D64A5 /* YesAnd-6368ae23de37.json */; };
		F99A232F1D45268E0070FF24 /* Chat.storyboard in Resources */ = {isa = PBXBuildFile; fileRef = F99A232E1D45268E0070FF24 /* Chat.storyboard */; };
		F99A23341D4527C00070FF24 /* ConversationViewController.swift in Sources */ = {isa = PBXBuildFile; fileRef = F99A23331D4527C00070FF24 /* ConversationViewController.swift */; };
		F99A23381D452ACE0070FF24 /* Scene.storyboard in Resources */ = {isa = PBXBuildFile; fileRef = F99A23371D452ACE0070FF24 /* Scene.storyboard */; };
		F99A233A1D452B260070FF24 /* Profile.storyboard in Resources */ = {isa = PBXBuildFile; fileRef = F99A23391D452B260070FF24 /* Profile.storyboard */; };
		F99A233C1D452B6C0070FF24 /* ProfileViewController.swift in Sources */ = {isa = PBXBuildFile; fileRef = F99A233B1D452B6C0070FF24 /* ProfileViewController.swift */; };
		F99A233E1D452B9C0070FF24 /* SceneViewController.swift in Sources */ = {isa = PBXBuildFile; fileRef = F99A233D1D452B9C0070FF24 /* SceneViewController.swift */; };
		F99A23441D452E5A0070FF24 /* Router.swift in Sources */ = {isa = PBXBuildFile; fileRef = F99A23431D452E5A0070FF24 /* Router.swift */; };
		F99A23461D452F920070FF24 /* UIStoryboard+YesAnd.swift in Sources */ = {isa = PBXBuildFile; fileRef = F99A23451D452F920070FF24 /* UIStoryboard+YesAnd.swift */; };
/* End PBXBuildFile section */

/* Begin PBXContainerItemProxy section */
		8549D92F1D43DE1700525360 /* PBXContainerItemProxy */ = {
			isa = PBXContainerItemProxy;
			containerPortal = 8549D9121D43DE1700525360 /* Project object */;
			proxyType = 1;
			remoteGlobalIDString = 8549D9191D43DE1700525360;
			remoteInfo = YesAnd;
		};
		8549D93A1D43DE1700525360 /* PBXContainerItemProxy */ = {
			isa = PBXContainerItemProxy;
			containerPortal = 8549D9121D43DE1700525360 /* Project object */;
			proxyType = 1;
			remoteGlobalIDString = 8549D9191D43DE1700525360;
			remoteInfo = YesAnd;
		};
/* End PBXContainerItemProxy section */

/* Begin PBXFileReference section */
		09859E8FB9C0BD7BC4F1F956 /* Pods-YesAndUITests.release.xcconfig */ = {isa = PBXFileReference; includeInIndex = 1; lastKnownFileType = text.xcconfig; name = "Pods-YesAndUITests.release.xcconfig"; path = "Pods/Target Support Files/Pods-YesAndUITests/Pods-YesAndUITests.release.xcconfig"; sourceTree = "<group>"; };
		1C9F2E265AF930C1E09B9F80 /* Pods-YesAnd.debug.xcconfig */ = {isa = PBXFileReference; includeInIndex = 1; lastKnownFileType = text.xcconfig; name = "Pods-YesAnd.debug.xcconfig"; path = "Pods/Target Support Files/Pods-YesAnd/Pods-YesAnd.debug.xcconfig"; sourceTree = "<group>"; };
		279C6560C7A5111508510174 /* Pods-YesAndTests.release.xcconfig */ = {isa = PBXFileReference; includeInIndex = 1; lastKnownFileType = text.xcconfig; name = "Pods-YesAndTests.release.xcconfig"; path = "Pods/Target Support Files/Pods-YesAndTests/Pods-YesAndTests.release.xcconfig"; sourceTree = "<group>"; };
		6E3008FFBC8F2C9B34050842 /* Pods_YesAnd.framework */ = {isa = PBXFileReference; explicitFileType = wrapper.framework; includeInIndex = 0; path = Pods_YesAnd.framework; sourceTree = BUILT_PRODUCTS_DIR; };
		7E0A5790CDBA53074D8F5B40 /* Pods_YesAndUITests.framework */ = {isa = PBXFileReference; explicitFileType = wrapper.framework; includeInIndex = 0; path = Pods_YesAndUITests.framework; sourceTree = BUILT_PRODUCTS_DIR; };
		8549D91A1D43DE1700525360 /* YesAnd.app */ = {isa = PBXFileReference; explicitFileType = wrapper.application; includeInIndex = 0; path = YesAnd.app; sourceTree = BUILT_PRODUCTS_DIR; };
		8549D91D1D43DE1700525360 /* AppDelegate.swift */ = {isa = PBXFileReference; lastKnownFileType = sourcecode.swift; path = AppDelegate.swift; sourceTree = "<group>"; };
		8549D91F1D43DE1700525360 /* ViewController.swift */ = {isa = PBXFileReference; lastKnownFileType = sourcecode.swift; path = ViewController.swift; sourceTree = "<group>"; };
		8549D9221D43DE1700525360 /* Base */ = {isa = PBXFileReference; lastKnownFileType = file.storyboard; name = Base; path = Base.lproj/Main.storyboard; sourceTree = "<group>"; };
		8549D9241D43DE1700525360 /* Assets.xcassets */ = {isa = PBXFileReference; lastKnownFileType = folder.assetcatalog; path = Assets.xcassets; sourceTree = "<group>"; };
		8549D9271D43DE1700525360 /* Base */ = {isa = PBXFileReference; lastKnownFileType = file.storyboard; name = Base; path = Base.lproj/LaunchScreen.storyboard; sourceTree = "<group>"; };
		8549D9291D43DE1700525360 /* Info.plist */ = {isa = PBXFileReference; lastKnownFileType = text.plist.xml; path = Info.plist; sourceTree = "<group>"; };
		8549D92E1D43DE1700525360 /* YesAndTests.xctest */ = {isa = PBXFileReference; explicitFileType = wrapper.cfbundle; includeInIndex = 0; path = YesAndTests.xctest; sourceTree = BUILT_PRODUCTS_DIR; };
		8549D9321D43DE1700525360 /* YesAndTests.swift */ = {isa = PBXFileReference; lastKnownFileType = sourcecode.swift; path = YesAndTests.swift; sourceTree = "<group>"; };
		8549D9341D43DE1700525360 /* Info.plist */ = {isa = PBXFileReference; lastKnownFileType = text.plist.xml; path = Info.plist; sourceTree = "<group>"; };
		8549D9391D43DE1700525360 /* YesAndUITests.xctest */ = {isa = PBXFileReference; explicitFileType = wrapper.cfbundle; includeInIndex = 0; path = YesAndUITests.xctest; sourceTree = BUILT_PRODUCTS_DIR; };
		8549D93D1D43DE1700525360 /* YesAndUITests.swift */ = {isa = PBXFileReference; lastKnownFileType = sourcecode.swift; path = YesAndUITests.swift; sourceTree = "<group>"; };
		8549D93F1D43DE1700525360 /* Info.plist */ = {isa = PBXFileReference; lastKnownFileType = text.plist.xml; path = Info.plist; sourceTree = "<group>"; };
		8549D94B1D43E1B200525360 /* GameCenterUtility.swift */ = {isa = PBXFileReference; fileEncoding = 4; lastKnownFileType = sourcecode.swift; path = GameCenterUtility.swift; sourceTree = "<group>"; };
		8549D94D1D43EC0500525360 /* GameKit.framework */ = {isa = PBXFileReference; lastKnownFileType = wrapper.framework; name = GameKit.framework; path = System/Library/Frameworks/GameKit.framework; sourceTree = SDKROOT; };
		874A9FABCDDC24589EA0C917 /* Pods_YesAndTests.framework */ = {isa = PBXFileReference; explicitFileType = wrapper.framework; includeInIndex = 0; path = Pods_YesAndTests.framework; sourceTree = BUILT_PRODUCTS_DIR; };
		91FC6348C2F8F144563598F2 /* Pods-YesAndTests.debug.xcconfig */ = {isa = PBXFileReference; includeInIndex = 1; lastKnownFileType = text.xcconfig; name = "Pods-YesAndTests.debug.xcconfig"; path = "Pods/Target Support Files/Pods-YesAndTests/Pods-YesAndTests.debug.xcconfig"; sourceTree = "<group>"; };
		BEEE26D904A5FE9C8A545F90 /* Pods-YesAnd.release.xcconfig */ = {isa = PBXFileReference; includeInIndex = 1; lastKnownFileType = text.xcconfig; name = "Pods-YesAnd.release.xcconfig"; path = "Pods/Target Support Files/Pods-YesAnd/Pods-YesAnd.release.xcconfig"; sourceTree = "<group>"; };
		E13A40B04B0CB64F28321D23 /* Pods-YesAndUITests.debug.xcconfig */ = {isa = PBXFileReference; includeInIndex = 1; lastKnownFileType = text.xcconfig; name = "Pods-YesAndUITests.debug.xcconfig"; path = "Pods/Target Support Files/Pods-YesAndUITests/Pods-YesAndUITests.debug.xcconfig"; sourceTree = "<group>"; };
		F9923A1D1D5EC16A009D64A5 /* GoogleService-Info.plist */ = {isa = PBXFileReference; fileEncoding = 4; lastKnownFileType = text.plist.xml; path = "GoogleService-Info.plist"; sourceTree = "<group>"; };
		F9923A1F1D5EC675009D64A5 /* Shared.storyboard */ = {isa = PBXFileReference; fileEncoding = 4; lastKnownFileType = file.storyboard; path = Shared.storyboard; sourceTree = "<group>"; };
		F9923A211D5EC760009D64A5 /* LoginViewController.swift */ = {isa = PBXFileReference; fileEncoding = 4; lastKnownFileType = sourcecode.swift; path = LoginViewController.swift; sourceTree = "<group>"; };
		F9923A271D5ED1FB009D64A5 /* YesAnd-6368ae23de37.json */ = {isa = PBXFileReference; fileEncoding = 4; lastKnownFileType = text.json; path = "YesAnd-6368ae23de37.json"; sourceTree = "<group>"; };
		F99A232E1D45268E0070FF24 /* Chat.storyboard */ = {isa = PBXFileReference; fileEncoding = 4; lastKnownFileType = file.storyboard; path = Chat.storyboard; sourceTree = "<group>"; };
		F99A23331D4527C00070FF24 /* ConversationViewController.swift */ = {isa = PBXFileReference; fileEncoding = 4; lastKnownFileType = sourcecode.swift; path = ConversationViewController.swift; sourceTree = "<group>"; };
		F99A23371D452ACE0070FF24 /* Scene.storyboard */ = {isa = PBXFileReference; fileEncoding = 4; lastKnownFileType = file.storyboard; path = Scene.storyboard; sourceTree = "<group>"; };
		F99A23391D452B260070FF24 /* Profile.storyboard */ = {isa = PBXFileReference; fileEncoding = 4; lastKnownFileType = file.storyboard; path = Profile.storyboard; sourceTree = "<group>"; };
		F99A233B1D452B6C0070FF24 /* ProfileViewController.swift */ = {isa = PBXFileReference; fileEncoding = 4; lastKnownFileType = sourcecode.swift; path = ProfileViewController.swift; sourceTree = "<group>"; };
		F99A233D1D452B9C0070FF24 /* SceneViewController.swift */ = {isa = PBXFileReference; fileEncoding = 4; lastKnownFileType = sourcecode.swift; path = SceneViewController.swift; sourceTree = "<group>"; };
		F99A23431D452E5A0070FF24 /* Router.swift */ = {isa = PBXFileReference; fileEncoding = 4; lastKnownFileType = sourcecode.swift; path = Router.swift; sourceTree = "<group>"; };
		F99A23451D452F920070FF24 /* UIStoryboard+YesAnd.swift */ = {isa = PBXFileReference; fileEncoding = 4; lastKnownFileType = sourcecode.swift; path = "UIStoryboard+YesAnd.swift"; sourceTree = "<group>"; };
/* End PBXFileReference section */

/* Begin PBXFrameworksBuildPhase section */
		8549D9171D43DE1700525360 /* Frameworks */ = {
			isa = PBXFrameworksBuildPhase;
			buildActionMask = 2147483647;
			files = (
				8549D94E1D43EC0500525360 /* GameKit.framework in Frameworks */,
				BF629224A97D61C947318E5A /* Pods_YesAnd.framework in Frameworks */,
			);
			runOnlyForDeploymentPostprocessing = 0;
		};
		8549D92B1D43DE1700525360 /* Frameworks */ = {
			isa = PBXFrameworksBuildPhase;
			buildActionMask = 2147483647;
			files = (
				B7C3AB0EBDFB948C43F4EAD4 /* Pods_YesAndTests.framework in Frameworks */,
			);
			runOnlyForDeploymentPostprocessing = 0;
		};
		8549D9361D43DE1700525360 /* Frameworks */ = {
			isa = PBXFrameworksBuildPhase;
			buildActionMask = 2147483647;
			files = (
				7FD16253AB4C6D35872C2C6A /* Pods_YesAndUITests.framework in Frameworks */,
			);
			runOnlyForDeploymentPostprocessing = 0;
		};
/* End PBXFrameworksBuildPhase section */

/* Begin PBXGroup section */
		4C7652A0C354E032A269F483 /* Pods */ = {
			isa = PBXGroup;
			children = (
				1C9F2E265AF930C1E09B9F80 /* Pods-YesAnd.debug.xcconfig */,
				BEEE26D904A5FE9C8A545F90 /* Pods-YesAnd.release.xcconfig */,
				91FC6348C2F8F144563598F2 /* Pods-YesAndTests.debug.xcconfig */,
				279C6560C7A5111508510174 /* Pods-YesAndTests.release.xcconfig */,
				E13A40B04B0CB64F28321D23 /* Pods-YesAndUITests.debug.xcconfig */,
				09859E8FB9C0BD7BC4F1F956 /* Pods-YesAndUITests.release.xcconfig */,
			);
			name = Pods;
			sourceTree = "<group>";
		};
		669C2F51B85E177284AAD966 /* Frameworks */ = {
			isa = PBXGroup;
			children = (
				6E3008FFBC8F2C9B34050842 /* Pods_YesAnd.framework */,
				874A9FABCDDC24589EA0C917 /* Pods_YesAndTests.framework */,
				7E0A5790CDBA53074D8F5B40 /* Pods_YesAndUITests.framework */,
			);
			name = Frameworks;
			sourceTree = "<group>";
		};
		8549D9111D43DE1700525360 = {
			isa = PBXGroup;
			children = (
				8549D94D1D43EC0500525360 /* GameKit.framework */,
				8549D91C1D43DE1700525360 /* YesAnd */,
				8549D9311D43DE1700525360 /* YesAndTests */,
				8549D93C1D43DE1700525360 /* YesAndUITests */,
				8549D91B1D43DE1700525360 /* Products */,
				4C7652A0C354E032A269F483 /* Pods */,
				669C2F51B85E177284AAD966 /* Frameworks */,
			);
			sourceTree = "<group>";
		};
		8549D91B1D43DE1700525360 /* Products */ = {
			isa = PBXGroup;
			children = (
				8549D91A1D43DE1700525360 /* YesAnd.app */,
				8549D92E1D43DE1700525360 /* YesAndTests.xctest */,
				8549D9391D43DE1700525360 /* YesAndUITests.xctest */,
			);
			name = Products;
			sourceTree = "<group>";
		};
		8549D91C1D43DE1700525360 /* YesAnd */ = {
			isa = PBXGroup;
			children = (
				8549D91D1D43DE1700525360 /* AppDelegate.swift */,
				F99A23301D4527590070FF24 /* Storyboards */,
				F99A23361D4527D40070FF24 /* Controllers */,
				F99A23411D452E320070FF24 /* Models */,
				F99A23321D4527990070FF24 /* Utilities */,
				8549D9241D43DE1700525360 /* Assets.xcassets */,
				F9923A1C1D5EC150009D64A5 /* Supporting Files */,
			);
			path = YesAnd;
			sourceTree = "<group>";
		};
		8549D9311D43DE1700525360 /* YesAndTests */ = {
			isa = PBXGroup;
			children = (
				8549D9321D43DE1700525360 /* YesAndTests.swift */,
				8549D9341D43DE1700525360 /* Info.plist */,
			);
			path = YesAndTests;
			sourceTree = "<group>";
		};
		8549D93C1D43DE1700525360 /* YesAndUITests */ = {
			isa = PBXGroup;
			children = (
				8549D93D1D43DE1700525360 /* YesAndUITests.swift */,
				8549D93F1D43DE1700525360 /* Info.plist */,
			);
			path = YesAndUITests;
			sourceTree = "<group>";
		};
		F9923A1C1D5EC150009D64A5 /* Supporting Files */ = {
			isa = PBXGroup;
			children = (
				8549D9261D43DE1700525360 /* LaunchScreen.storyboard */,
				8549D9291D43DE1700525360 /* Info.plist */,
				F9923A1D1D5EC16A009D64A5 /* GoogleService-Info.plist */,
				F9923A271D5ED1FB009D64A5 /* YesAnd-6368ae23de37.json */,
			);
			name = "Supporting Files";
			sourceTree = "<group>";
		};
		F9923A231D5EC764009D64A5 /* Shared */ = {
			isa = PBXGroup;
			children = (
				F9923A211D5EC760009D64A5 /* LoginViewController.swift */,
			);
			name = Shared;
			sourceTree = "<group>";
		};
		F99A23301D4527590070FF24 /* Storyboards */ = {
			isa = PBXGroup;
			children = (
				F99A232E1D45268E0070FF24 /* Chat.storyboard */,
				F99A23371D452ACE0070FF24 /* Scene.storyboard */,
				F99A23391D452B260070FF24 /* Profile.storyboard */,
				8549D9211D43DE1700525360 /* Main.storyboard */,
				F9923A1F1D5EC675009D64A5 /* Shared.storyboard */,
			);
			name = Storyboards;
			sourceTree = "<group>";
		};
		F99A23311D4527920070FF24 /* Main */ = {
			isa = PBXGroup;
			children = (
				8549D91F1D43DE1700525360 /* ViewController.swift */,
			);
			name = Main;
			sourceTree = "<group>";
		};
		F99A23321D4527990070FF24 /* Utilities */ = {
			isa = PBXGroup;
			children = (
				8549D94B1D43E1B200525360 /* GameCenterUtility.swift */,
				F99A23451D452F920070FF24 /* UIStoryboard+YesAnd.swift */,
			);
			name = Utilities;
			sourceTree = "<group>";
		};
		F99A23351D4527C60070FF24 /* Chat */ = {
			isa = PBXGroup;
			children = (
				F99A23331D4527C00070FF24 /* ConversationViewController.swift */,
			);
			name = Chat;
			sourceTree = "<group>";
		};
		F99A23361D4527D40070FF24 /* Controllers */ = {
			isa = PBXGroup;
			children = (
				F99A23311D4527920070FF24 /* Main */,
				F99A233F1D452BA60070FF24 /* Profile */,
				F99A23401D452BD80070FF24 /* Scene */,
				F99A23351D4527C60070FF24 /* Chat */,
				F9923A231D5EC764009D64A5 /* Shared */,
			);
			name = Controllers;
			sourceTree = "<group>";
		};
		F99A233F1D452BA60070FF24 /* Profile */ = {
			isa = PBXGroup;
			children = (
				F99A233B1D452B6C0070FF24 /* ProfileViewController.swift */,
			);
			name = Profile;
			sourceTree = "<group>";
		};
		F99A23401D452BD80070FF24 /* Scene */ = {
			isa = PBXGroup;
			children = (
				F99A233D1D452B9C0070FF24 /* SceneViewController.swift */,
			);
			name = Scene;
			sourceTree = "<group>";
		};
		F99A23411D452E320070FF24 /* Models */ = {
			isa = PBXGroup;
			children = (
				F99A23421D452E3E0070FF24 /* Router */,
			);
			name = Models;
			sourceTree = "<group>";
		};
		F99A23421D452E3E0070FF24 /* Router */ = {
			isa = PBXGroup;
			children = (
				F99A23431D452E5A0070FF24 /* Router.swift */,
			);
			name = Router;
			sourceTree = "<group>";
		};
/* End PBXGroup section */

/* Begin PBXNativeTarget section */
		8549D9191D43DE1700525360 /* YesAnd */ = {
			isa = PBXNativeTarget;
			buildConfigurationList = 8549D9421D43DE1700525360 /* Build configuration list for PBXNativeTarget "YesAnd" */;
			buildPhases = (
				4709101C86C5F4847EDB8FED /* [CP] Check Pods Manifest.lock */,
				8549D9161D43DE1700525360 /* Sources */,
				8549D9171D43DE1700525360 /* Frameworks */,
				8549D9181D43DE1700525360 /* Resources */,
				A75C5EF4C6838CF94CD5D43E /* [CP] Embed Pods Frameworks */,
				400A7AE2117D54ED65F7C0E5 /* [CP] Copy Pods Resources */,
				F9923A241D5ED073009D64A5 /* ShellScript */,
			);
			buildRules = (
			);
			dependencies = (
			);
			name = YesAnd;
			productName = YesAnd;
			productReference = 8549D91A1D43DE1700525360 /* YesAnd.app */;
			productType = "com.apple.product-type.application";
		};
		8549D92D1D43DE1700525360 /* YesAndTests */ = {
			isa = PBXNativeTarget;
			buildConfigurationList = 8549D9451D43DE1700525360 /* Build configuration list for PBXNativeTarget "YesAndTests" */;
			buildPhases = (
				4073DEC48B20176EA8BDE8E7 /* [CP] Check Pods Manifest.lock */,
				8549D92A1D43DE1700525360 /* Sources */,
				8549D92B1D43DE1700525360 /* Frameworks */,
				8549D92C1D43DE1700525360 /* Resources */,
				FB5E60696579EF714F6E9114 /* [CP] Embed Pods Frameworks */,
				E3FABCCB0E361B94615BCE3B /* [CP] Copy Pods Resources */,
			);
			buildRules = (
			);
			dependencies = (
				8549D9301D43DE1700525360 /* PBXTargetDependency */,
			);
			name = YesAndTests;
			productName = YesAndTests;
			productReference = 8549D92E1D43DE1700525360 /* YesAndTests.xctest */;
			productType = "com.apple.product-type.bundle.unit-test";
		};
		8549D9381D43DE1700525360 /* YesAndUITests */ = {
			isa = PBXNativeTarget;
			buildConfigurationList = 8549D9481D43DE1700525360 /* Build configuration list for PBXNativeTarget "YesAndUITests" */;
			buildPhases = (
				23E9566CC280BD0AEF9D65A4 /* [CP] Check Pods Manifest.lock */,
				8549D9351D43DE1700525360 /* Sources */,
				8549D9361D43DE1700525360 /* Frameworks */,
				8549D9371D43DE1700525360 /* Resources */,
				294619C01B06D38E1D938278 /* [CP] Copy Pods Resources */,
			);
			buildRules = (
			);
			dependencies = (
				8549D93B1D43DE1700525360 /* PBXTargetDependency */,
			);
			name = YesAndUITests;
			productName = YesAndUITests;
			productReference = 8549D9391D43DE1700525360 /* YesAndUITests.xctest */;
			productType = "com.apple.product-type.bundle.ui-testing";
		};
/* End PBXNativeTarget section */

/* Begin PBXProject section */
		8549D9121D43DE1700525360 /* Project object */ = {
			isa = PBXProject;
			attributes = {
				LastSwiftUpdateCheck = 0730;
				LastUpgradeCheck = 0730;
				ORGANIZATIONNAME = "Yes, And, LLC.";
				TargetAttributes = {
					8549D9191D43DE1700525360 = {
						CreatedOnToolsVersion = 7.3.1;
						DevelopmentTeam = LMF22H2337;
					};
					8549D92D1D43DE1700525360 = {
						CreatedOnToolsVersion = 7.3.1;
						TestTargetID = 8549D9191D43DE1700525360;
					};
					8549D9381D43DE1700525360 = {
						CreatedOnToolsVersion = 7.3.1;
						TestTargetID = 8549D9191D43DE1700525360;
					};
				};
			};
			buildConfigurationList = 8549D9151D43DE1700525360 /* Build configuration list for PBXProject "YesAnd" */;
			compatibilityVersion = "Xcode 3.2";
			developmentRegion = English;
			hasScannedForEncodings = 0;
			knownRegions = (
				en,
				Base,
			);
			mainGroup = 8549D9111D43DE1700525360;
			productRefGroup = 8549D91B1D43DE1700525360 /* Products */;
			projectDirPath = "";
			projectRoot = "";
			targets = (
				8549D9191D43DE1700525360 /* YesAnd */,
				8549D92D1D43DE1700525360 /* YesAndTests */,
				8549D9381D43DE1700525360 /* YesAndUITests */,
			);
		};
/* End PBXProject section */

/* Begin PBXResourcesBuildPhase section */
		8549D9181D43DE1700525360 /* Resources */ = {
			isa = PBXResourcesBuildPhase;
			buildActionMask = 2147483647;
			files = (
				F99A233A1D452B260070FF24 /* Profile.storyboard in Resources */,
				8549D9281D43DE1700525360 /* LaunchScreen.storyboard in Resources */,
				F99A232F1D45268E0070FF24 /* Chat.storyboard in Resources */,
				8549D9251D43DE1700525360 /* Assets.xcassets in Resources */,
				8549D9231D43DE1700525360 /* Main.storyboard in Resources */,
				F99A23381D452ACE0070FF24 /* Scene.storyboard in Resources */,
				F9923A1E1D5EC16A009D64A5 /* GoogleService-Info.plist in Resources */,
				F9923A201D5EC675009D64A5 /* Shared.storyboard in Resources */,
				F9923A281D5ED1FB009D64A5 /* YesAnd-6368ae23de37.json in Resources */,
			);
			runOnlyForDeploymentPostprocessing = 0;
		};
		8549D92C1D43DE1700525360 /* Resources */ = {
			isa = PBXResourcesBuildPhase;
			buildActionMask = 2147483647;
			files = (
			);
			runOnlyForDeploymentPostprocessing = 0;
		};
		8549D9371D43DE1700525360 /* Resources */ = {
			isa = PBXResourcesBuildPhase;
			buildActionMask = 2147483647;
			files = (
			);
			runOnlyForDeploymentPostprocessing = 0;
		};
/* End PBXResourcesBuildPhase section */

/* Begin PBXShellScriptBuildPhase section */
		23E9566CC280BD0AEF9D65A4 /* [CP] Check Pods Manifest.lock */ = {
			isa = PBXShellScriptBuildPhase;
			buildActionMask = 2147483647;
			files = (
			);
			inputPaths = (
			);
			name = "[CP] Check Pods Manifest.lock";
			outputPaths = (
			);
			runOnlyForDeploymentPostprocessing = 0;
			shellPath = /bin/sh;
			shellScript = "diff \"${PODS_ROOT}/../Podfile.lock\" \"${PODS_ROOT}/Manifest.lock\" > /dev/null\nif [[ $? != 0 ]] ; then\n    cat << EOM\nerror: The sandbox is not in sync with the Podfile.lock. Run 'pod install' or update your CocoaPods installation.\nEOM\n    exit 1\nfi\n";
			showEnvVarsInLog = 0;
		};
		294619C01B06D38E1D938278 /* [CP] Copy Pods Resources */ = {
			isa = PBXShellScriptBuildPhase;
			buildActionMask = 2147483647;
			files = (
			);
			inputPaths = (
			);
			name = "[CP] Copy Pods Resources";
			outputPaths = (
			);
			runOnlyForDeploymentPostprocessing = 0;
			shellPath = /bin/sh;
			shellScript = "\"${SRCROOT}/Pods/Target Support Files/Pods-YesAndUITests/Pods-YesAndUITests-resources.sh\"\n";
			showEnvVarsInLog = 0;
		};
		400A7AE2117D54ED65F7C0E5 /* [CP] Copy Pods Resources */ = {
			isa = PBXShellScriptBuildPhase;
			buildActionMask = 2147483647;
			files = (
			);
			inputPaths = (
			);
			name = "[CP] Copy Pods Resources";
			outputPaths = (
			);
			runOnlyForDeploymentPostprocessing = 0;
			shellPath = /bin/sh;
			shellScript = "\"${SRCROOT}/Pods/Target Support Files/Pods-YesAnd/Pods-YesAnd-resources.sh\"\n";
			showEnvVarsInLog = 0;
		};
		4073DEC48B20176EA8BDE8E7 /* [CP] Check Pods Manifest.lock */ = {
			isa = PBXShellScriptBuildPhase;
			buildActionMask = 2147483647;
			files = (
			);
			inputPaths = (
			);
			name = "[CP] Check Pods Manifest.lock";
			outputPaths = (
			);
			runOnlyForDeploymentPostprocessing = 0;
			shellPath = /bin/sh;
			shellScript = "diff \"${PODS_ROOT}/../Podfile.lock\" \"${PODS_ROOT}/Manifest.lock\" > /dev/null\nif [[ $? != 0 ]] ; then\n    cat << EOM\nerror: The sandbox is not in sync with the Podfile.lock. Run 'pod install' or update your CocoaPods installation.\nEOM\n    exit 1\nfi\n";
			showEnvVarsInLog = 0;
		};
		4709101C86C5F4847EDB8FED /* [CP] Check Pods Manifest.lock */ = {
			isa = PBXShellScriptBuildPhase;
			buildActionMask = 2147483647;
			files = (
			);
			inputPaths = (
			);
			name = "[CP] Check Pods Manifest.lock";
			outputPaths = (
			);
			runOnlyForDeploymentPostprocessing = 0;
			shellPath = /bin/sh;
			shellScript = "diff \"${PODS_ROOT}/../Podfile.lock\" \"${PODS_ROOT}/Manifest.lock\" > /dev/null\nif [[ $? != 0 ]] ; then\n    cat << EOM\nerror: The sandbox is not in sync with the Podfile.lock. Run 'pod install' or update your CocoaPods installation.\nEOM\n    exit 1\nfi\n";
			showEnvVarsInLog = 0;
		};
		A75C5EF4C6838CF94CD5D43E /* [CP] Embed Pods Frameworks */ = {
			isa = PBXShellScriptBuildPhase;
			buildActionMask = 2147483647;
			files = (
			);
			inputPaths = (
			);
			name = "[CP] Embed Pods Frameworks";
			outputPaths = (
			);
			runOnlyForDeploymentPostprocessing = 0;
			shellPath = /bin/sh;
			shellScript = "\"${SRCROOT}/Pods/Target Support Files/Pods-YesAnd/Pods-YesAnd-frameworks.sh\"\n";
			showEnvVarsInLog = 0;
		};
		E3FABCCB0E361B94615BCE3B /* [CP] Copy Pods Resources */ = {
			isa = PBXShellScriptBuildPhase;
			buildActionMask = 2147483647;
			files = (
			);
			inputPaths = (
			);
			name = "[CP] Copy Pods Resources";
			outputPaths = (
			);
			runOnlyForDeploymentPostprocessing = 0;
			shellPath = /bin/sh;
			shellScript = "\"${SRCROOT}/Pods/Target Support Files/Pods-YesAndTests/Pods-YesAndTests-resources.sh\"\n";
			showEnvVarsInLog = 0;
		};
		F9923A241D5ED073009D64A5 /* ShellScript */ = {
			isa = PBXShellScriptBuildPhase;
			buildActionMask = 8;
			files = (
			);
			inputPaths = (
			);
			outputPaths = (
			);
			runOnlyForDeploymentPostprocessing = 1;
			shellPath = /bin/sh;
			shellScript = "JSON_FILE=\"/Users/jdivittorio/Documents/YesAnd/ios_yesand/YesAnd/YesAnd-6368ae23de37.json\"\n\nGOOGLE_APP_ID=1:430636644560:ios:4d4310751a51bb91\n\ndefaults write com.google.SymbolUpload version -integer 1   # creates file if it does not exist\nJSON=$(cat \"${JSON_FILE}\")\n/usr/bin/plutil -replace \"app_${GOOGLE_APP_ID//:/_}\" -json \"${JSON}\" \"$HOME/Library/Preferences/com.google.SymbolUpload.plist\"\n\"${PODS_ROOT}\"/FirebaseCrash/upload-sym\n";
		};
		FB5E60696579EF714F6E9114 /* [CP] Embed Pods Frameworks */ = {
			isa = PBXShellScriptBuildPhase;
			buildActionMask = 2147483647;
			files = (
			);
			inputPaths = (
			);
			name = "[CP] Embed Pods Frameworks";
			outputPaths = (
			);
			runOnlyForDeploymentPostprocessing = 0;
			shellPath = /bin/sh;
			shellScript = "\"${SRCROOT}/Pods/Target Support Files/Pods-YesAndTests/Pods-YesAndTests-frameworks.sh\"\n";
			showEnvVarsInLog = 0;
		};
/* End PBXShellScriptBuildPhase section */

/* Begin PBXSourcesBuildPhase section */
		8549D9161D43DE1700525360 /* Sources */ = {
			isa = PBXSourcesBuildPhase;
			buildActionMask = 2147483647;
			files = (
				F9923A221D5EC760009D64A5 /* LoginViewController.swift in Sources */,
				8549D9201D43DE1700525360 /* ViewController.swift in Sources */,
				8549D91E1D43DE1700525360 /* AppDelegate.swift in Sources */,
				F99A23461D452F920070FF24 /* UIStoryboard+YesAnd.swift in Sources */,
				F99A233C1D452B6C0070FF24 /* ProfileViewController.swift in Sources */,
				F99A23441D452E5A0070FF24 /* Router.swift in Sources */,
				F99A233E1D452B9C0070FF24 /* SceneViewController.swift in Sources */,
				F99A23341D4527C00070FF24 /* ConversationViewController.swift in Sources */,
				8549D94C1D43E1B200525360 /* GameCenterUtility.swift in Sources */,
			);
			runOnlyForDeploymentPostprocessing = 0;
		};
		8549D92A1D43DE1700525360 /* Sources */ = {
			isa = PBXSourcesBuildPhase;
			buildActionMask = 2147483647;
			files = (
				8549D9331D43DE1700525360 /* YesAndTests.swift in Sources */,
			);
			runOnlyForDeploymentPostprocessing = 0;
		};
		8549D9351D43DE1700525360 /* Sources */ = {
			isa = PBXSourcesBuildPhase;
			buildActionMask = 2147483647;
			files = (
				8549D93E1D43DE1700525360 /* YesAndUITests.swift in Sources */,
			);
			runOnlyForDeploymentPostprocessing = 0;
		};
/* End PBXSourcesBuildPhase section */

/* Begin PBXTargetDependency section */
		8549D9301D43DE1700525360 /* PBXTargetDependency */ = {
			isa = PBXTargetDependency;
			target = 8549D9191D43DE1700525360 /* YesAnd */;
			targetProxy = 8549D92F1D43DE1700525360 /* PBXContainerItemProxy */;
		};
		8549D93B1D43DE1700525360 /* PBXTargetDependency */ = {
			isa = PBXTargetDependency;
			target = 8549D9191D43DE1700525360 /* YesAnd */;
			targetProxy = 8549D93A1D43DE1700525360 /* PBXContainerItemProxy */;
		};
/* End PBXTargetDependency section */

/* Begin PBXVariantGroup section */
		8549D9211D43DE1700525360 /* Main.storyboard */ = {
			isa = PBXVariantGroup;
			children = (
				8549D9221D43DE1700525360 /* Base */,
			);
			name = Main.storyboard;
			sourceTree = "<group>";
		};
		8549D9261D43DE1700525360 /* LaunchScreen.storyboard */ = {
			isa = PBXVariantGroup;
			children = (
				8549D9271D43DE1700525360 /* Base */,
			);
			name = LaunchScreen.storyboard;
			sourceTree = "<group>";
		};
/* End PBXVariantGroup section */

/* Begin XCBuildConfiguration section */
		8549D9401D43DE1700525360 /* Debug */ = {
			isa = XCBuildConfiguration;
			buildSettings = {
				ALWAYS_SEARCH_USER_PATHS = NO;
				CLANG_ANALYZER_NONNULL = YES;
				CLANG_CXX_LANGUAGE_STANDARD = "gnu++0x";
				CLANG_CXX_LIBRARY = "libc++";
				CLANG_ENABLE_MODULES = YES;
				CLANG_ENABLE_OBJC_ARC = YES;
				CLANG_WARN_BOOL_CONVERSION = YES;
				CLANG_WARN_CONSTANT_CONVERSION = YES;
				CLANG_WARN_DIRECT_OBJC_ISA_USAGE = YES_ERROR;
				CLANG_WARN_EMPTY_BODY = YES;
				CLANG_WARN_ENUM_CONVERSION = YES;
				CLANG_WARN_INT_CONVERSION = YES;
				CLANG_WARN_OBJC_ROOT_CLASS = YES_ERROR;
				CLANG_WARN_UNREACHABLE_CODE = YES;
				CLANG_WARN__DUPLICATE_METHOD_MATCH = YES;
				"CODE_SIGN_IDENTITY[sdk=iphoneos*]" = "iPhone Developer";
				COPY_PHASE_STRIP = NO;
				DEBUG_INFORMATION_FORMAT = dwarf;
				ENABLE_STRICT_OBJC_MSGSEND = YES;
				ENABLE_TESTABILITY = YES;
				GCC_C_LANGUAGE_STANDARD = gnu99;
				GCC_DYNAMIC_NO_PIC = NO;
				GCC_NO_COMMON_BLOCKS = YES;
				GCC_OPTIMIZATION_LEVEL = 0;
				GCC_PREPROCESSOR_DEFINITIONS = (
					"DEBUG=1",
					"$(inherited)",
				);
				GCC_WARN_64_TO_32_BIT_CONVERSION = YES;
				GCC_WARN_ABOUT_RETURN_TYPE = YES_ERROR;
				GCC_WARN_UNDECLARED_SELECTOR = YES;
				GCC_WARN_UNINITIALIZED_AUTOS = YES_AGGRESSIVE;
				GCC_WARN_UNUSED_FUNCTION = YES;
				GCC_WARN_UNUSED_VARIABLE = YES;
				IPHONEOS_DEPLOYMENT_TARGET = 9.3;
				MTL_ENABLE_DEBUG_INFO = YES;
				ONLY_ACTIVE_ARCH = YES;
				SDKROOT = iphoneos;
				SWIFT_OPTIMIZATION_LEVEL = "-Onone";
			};
			name = Debug;
		};
		8549D9411D43DE1700525360 /* Release */ = {
			isa = XCBuildConfiguration;
			buildSettings = {
				ALWAYS_SEARCH_USER_PATHS = NO;
				CLANG_ANALYZER_NONNULL = YES;
				CLANG_CXX_LANGUAGE_STANDARD = "gnu++0x";
				CLANG_CXX_LIBRARY = "libc++";
				CLANG_ENABLE_MODULES = YES;
				CLANG_ENABLE_OBJC_ARC = YES;
				CLANG_WARN_BOOL_CONVERSION = YES;
				CLANG_WARN_CONSTANT_CONVERSION = YES;
				CLANG_WARN_DIRECT_OBJC_ISA_USAGE = YES_ERROR;
				CLANG_WARN_EMPTY_BODY = YES;
				CLANG_WARN_ENUM_CONVERSION = YES;
				CLANG_WARN_INT_CONVERSION = YES;
				CLANG_WARN_OBJC_ROOT_CLASS = YES_ERROR;
				CLANG_WARN_UNREACHABLE_CODE = YES;
				CLANG_WARN__DUPLICATE_METHOD_MATCH = YES;
				"CODE_SIGN_IDENTITY[sdk=iphoneos*]" = "iPhone Developer";
				COPY_PHASE_STRIP = NO;
				DEBUG_INFORMATION_FORMAT = "dwarf-with-dsym";
				ENABLE_NS_ASSERTIONS = NO;
				ENABLE_STRICT_OBJC_MSGSEND = YES;
				GCC_C_LANGUAGE_STANDARD = gnu99;
				GCC_NO_COMMON_BLOCKS = YES;
				GCC_WARN_64_TO_32_BIT_CONVERSION = YES;
				GCC_WARN_ABOUT_RETURN_TYPE = YES_ERROR;
				GCC_WARN_UNDECLARED_SELECTOR = YES;
				GCC_WARN_UNINITIALIZED_AUTOS = YES_AGGRESSIVE;
				GCC_WARN_UNUSED_FUNCTION = YES;
				GCC_WARN_UNUSED_VARIABLE = YES;
				IPHONEOS_DEPLOYMENT_TARGET = 9.3;
				MTL_ENABLE_DEBUG_INFO = NO;
				SDKROOT = iphoneos;
				VALIDATE_PRODUCT = YES;
			};
			name = Release;
		};
		8549D9431D43DE1700525360 /* Debug */ = {
			isa = XCBuildConfiguration;
			baseConfigurationReference = 1C9F2E265AF930C1E09B9F80 /* Pods-YesAnd.debug.xcconfig */;
			buildSettings = {
				ASSETCATALOG_COMPILER_APPICON_NAME = AppIcon;
				CODE_SIGN_IDENTITY = "iPhone Developer";
				"CODE_SIGN_IDENTITY[sdk=iphoneos*]" = "iPhone Developer";
				INFOPLIST_FILE = YesAnd/Info.plist;
				LD_RUNPATH_SEARCH_PATHS = "$(inherited) @executable_path/Frameworks";
				PRODUCT_BUNDLE_IDENTIFIER = io.yesand.YesAnd;
				PRODUCT_NAME = "$(TARGET_NAME)";
				PROVISIONING_PROFILE = "";
			};
			name = Debug;
		};
		8549D9441D43DE1700525360 /* Release */ = {
			isa = XCBuildConfiguration;
			baseConfigurationReference = BEEE26D904A5FE9C8A545F90 /* Pods-YesAnd.release.xcconfig */;
			buildSettings = {
				ASSETCATALOG_COMPILER_APPICON_NAME = AppIcon;
				CODE_SIGN_IDENTITY = "iPhone Developer";
				"CODE_SIGN_IDENTITY[sdk=iphoneos*]" = "iPhone Developer";
				INFOPLIST_FILE = YesAnd/Info.plist;
				LD_RUNPATH_SEARCH_PATHS = "$(inherited) @executable_path/Frameworks";
				PRODUCT_BUNDLE_IDENTIFIER = io.yesand.YesAnd;
				PRODUCT_NAME = "$(TARGET_NAME)";
				PROVISIONING_PROFILE = "";
			};
			name = Release;
		};
		8549D9461D43DE1700525360 /* Debug */ = {
			isa = XCBuildConfiguration;
			baseConfigurationReference = 91FC6348C2F8F144563598F2 /* Pods-YesAndTests.debug.xcconfig */;
			buildSettings = {
				BUNDLE_LOADER = "$(TEST_HOST)";
				INFOPLIST_FILE = YesAndTests/Info.plist;
				LD_RUNPATH_SEARCH_PATHS = "$(inherited) @executable_path/Frameworks @loader_path/Frameworks";
				PRODUCT_BUNDLE_IDENTIFIER = io.yesand.YesAndTests;
				PRODUCT_NAME = "$(TARGET_NAME)";
				TEST_HOST = "$(BUILT_PRODUCTS_DIR)/YesAnd.app/YesAnd";
			};
			name = Debug;
		};
		8549D9471D43DE1700525360 /* Release */ = {
			isa = XCBuildConfiguration;
			baseConfigurationReference = 279C6560C7A5111508510174 /* Pods-YesAndTests.release.xcconfig */;
			buildSettings = {
				BUNDLE_LOADER = "$(TEST_HOST)";
				INFOPLIST_FILE = YesAndTests/Info.plist;
				LD_RUNPATH_SEARCH_PATHS = "$(inherited) @executable_path/Frameworks @loader_path/Frameworks";
				PRODUCT_BUNDLE_IDENTIFIER = io.yesand.YesAndTests;
				PRODUCT_NAME = "$(TARGET_NAME)";
				TEST_HOST = "$(BUILT_PRODUCTS_DIR)/YesAnd.app/YesAnd";
			};
			name = Release;
		};
		8549D9491D43DE1700525360 /* Debug */ = {
			isa = XCBuildConfiguration;
			baseConfigurationReference = E13A40B04B0CB64F28321D23 /* Pods-YesAndUITests.debug.xcconfig */;
			buildSettings = {
				INFOPLIST_FILE = YesAndUITests/Info.plist;
				LD_RUNPATH_SEARCH_PATHS = "$(inherited) @executable_path/Frameworks @loader_path/Frameworks";
				PRODUCT_BUNDLE_IDENTIFIER = io.yesand.YesAndUITests;
				PRODUCT_NAME = "$(TARGET_NAME)";
				TEST_TARGET_NAME = YesAnd;
			};
			name = Debug;
		};
		8549D94A1D43DE1700525360 /* Release */ = {
			isa = XCBuildConfiguration;
			baseConfigurationReference = 09859E8FB9C0BD7BC4F1F956 /* Pods-YesAndUITests.release.xcconfig */;
			buildSettings = {
				INFOPLIST_FILE = YesAndUITests/Info.plist;
				LD_RUNPATH_SEARCH_PATHS = "$(inherited) @executable_path/Frameworks @loader_path/Frameworks";
				PRODUCT_BUNDLE_IDENTIFIER = io.yesand.YesAndUITests;
				PRODUCT_NAME = "$(TARGET_NAME)";
				TEST_TARGET_NAME = YesAnd;
			};
			name = Release;
		};
/* End XCBuildConfiguration section */

/* Begin XCConfigurationList section */
		8549D9151D43DE1700525360 /* Build configuration list for PBXProject "YesAnd" */ = {
			isa = XCConfigurationList;
			buildConfigurations = (
				8549D9401D43DE1700525360 /* Debug */,
				8549D9411D43DE1700525360 /* Release */,
			);
			defaultConfigurationIsVisible = 0;
			defaultConfigurationName = Release;
		};
		8549D9421D43DE1700525360 /* Build configuration list for PBXNativeTarget "YesAnd" */ = {
			isa = XCConfigurationList;
			buildConfigurations = (
				8549D9431D43DE1700525360 /* Debug */,
				8549D9441D43DE1700525360 /* Release */,
			);
			defaultConfigurationIsVisible = 0;
			defaultConfigurationName = Release;
		};
		8549D9451D43DE1700525360 /* Build configuration list for PBXNativeTarget "YesAndTests" */ = {
			isa = XCConfigurationList;
			buildConfigurations = (
				8549D9461D43DE1700525360 /* Debug */,
				8549D9471D43DE1700525360 /* Release */,
			);
			defaultConfigurationIsVisible = 0;
			defaultConfigurationName = Release;
		};
		8549D9481D43DE1700525360 /* Build configuration list for PBXNativeTarget "YesAndUITests" */ = {
			isa = XCConfigurationList;
			buildConfigurations = (
				8549D9491D43DE1700525360 /* Debug */,
				8549D94A1D43DE1700525360 /* Release */,
			);
			defaultConfigurationIsVisible = 0;
			defaultConfigurationName = Release;
		};
/* End XCConfigurationList section */
	};
	rootObject = 8549D9121D43DE1700525360 /* Project object */;
}
